lockfileVersion: '9.0'

settings:
  autoInstallPeers: true
  excludeLinksFromLockfile: false

importers:

  .:
    dependencies:
      oxc-transform:
        specifier: 0.70.0
        version: 0.70.0

packages:

  '@emnapi/core@1.4.3':
    resolution: {integrity: sha512-4m62DuCE07lw01soJwPiBGC0nAww0Q+RY70VZ+n49yDIO13yyinhbWCeNnaob0lakDtWQzSdtNWzJeOJt2ma+g==}

  '@emnapi/runtime@1.4.3':
    resolution: {integrity: sha512-pBPWdu6MLKROBX05wSNKcNb++m5Er+KQ9QkB+WVM+pW2Kx9hoSrVTnu3BdkI5eBLZoKu/J6mW/B6i6bJB2ytXQ==}

  '@emnapi/wasi-threads@1.0.2':
    resolution: {integrity: sha512-5n3nTJblwRi8LlXkJ9eBzu+kZR8Yxcc7ubakyQTFzPMtIhFpUBRbsnc2Dv88IZDIbCDlBiWrknhB4Lsz7mg6BA==}

  '@napi-rs/wasm-runtime@0.2.10':
    resolution: {integrity: sha512-bCsCyeZEwVErsGmyPNSzwfwFn4OdxBj0mmv6hOFucB/k81Ojdu68RbZdxYsRQUPc9l6SU5F/cG+bXgWs3oUgsQ==}

  '@oxc-transform/binding-darwin-arm64@0.70.0':
    resolution: {integrity: sha512-h5DHbP2JqhI7o+hgVwiUn1OFTuKY2r1S6mO2wYPHS1LRWZM2GLNVo/cuCVJx5nRLHIfWBYtIIgbrG8ZrlrG2Cg==}
    engines: {node: '>=14.0.0'}
    cpu: [arm64]
    os: [darwin]

  '@oxc-transform/binding-darwin-x64@0.70.0':
    resolution: {integrity: sha512-1l0C5VOlfirfSzyL/fPtmxnZwoUJZI25leFQTCa3I2neOoFvcV4tncg5NYBpF18DbrHcEzTtTbhVRwCjO1RQ8A==}
    engines: {node: '>=14.0.0'}
    cpu: [x64]
    os: [darwin]

  '@oxc-transform/binding-freebsd-x64@0.70.0':
    resolution: {integrity: sha512-bSkX/vXW9TGqm6LS56mCzM2dkeiAsS/OWvOS94NTBIZQHd5vLn6jtt8KYmGoO/7iOGP+UT2L7p7Da+y/LNB7cg==}
    engines: {node: '>=14.0.0'}
    cpu: [x64]
    os: [freebsd]

  '@oxc-transform/binding-linux-arm-gnueabihf@0.70.0':
    resolution: {integrity: sha512-Ru35tW9h+0fC/h/NpbBOuxW9xBYHrVTvk/rHZXg860QDC17W/ORPY7DJ4sBN+JPcm69UNssRELEydvy62p5hnQ==}
    engines: {node: '>=14.0.0'}
    cpu: [arm]
    os: [linux]

  '@oxc-transform/binding-linux-arm-musleabihf@0.70.0':
    resolution: {integrity: sha512-NUpJ2hFE8R29zvL4YN/JvyfaT2Vpcw4NyEVdBICEN6DLJvM2fYUrtN3c7q/5RSMPERWGDdkX4oebHy3gOReb5A==}
    engines: {node: '>=14.0.0'}
    cpu: [arm]
    os: [linux]

  '@oxc-transform/binding-linux-arm64-gnu@0.70.0':
    resolution: {integrity: sha512-ijMtGrOgXgEzyHJoaieDBfBe2IaW53RlaDPVKLu6SRaqzbYSzjkBocMCWPnlhHAlsXXot4iXqUz/mIvi9iySgQ==}
    engines: {node: '>=14.0.0'}
    cpu: [arm64]
    os: [linux]

  '@oxc-transform/binding-linux-arm64-musl@0.70.0':
    resolution: {integrity: sha512-VUK5p1ooBC8zObwIAoo4et3x9h0kuBeas4UehbNN4HfnhwkM8yRCt5owHypslIi1vytfPpkexRpZcw68lAiThw==}
    engines: {node: '>=14.0.0'}
    cpu: [arm64]
    os: [linux]

  '@oxc-transform/binding-linux-riscv64-gnu@0.70.0':
    resolution: {integrity: sha512-IqOHDigJosjwgWSWv7WBJHiVzQdYj3uvFDOndHTsZuQdx3UHBvejcJPTVFZocMVH/JPr4QCnmzEXfNVlscoRAQ==}
    engines: {node: '>=14.0.0'}
    cpu: [riscv64]
    os: [linux]

  '@oxc-transform/binding-linux-s390x-gnu@0.70.0':
    resolution: {integrity: sha512-p9u5bmQkzwzMMVqaPDZwwJCJIzm5MqK6n5VyPYNVCpSWJmI9YtxRpL7A+Szbjrv1I8RAQ3Lfvd7vLcQbybzZbg==}
    engines: {node: '>=14.0.0'}
    cpu: [s390x]
    os: [linux]

  '@oxc-transform/binding-linux-x64-gnu@0.70.0':
    resolution: {integrity: sha512-CtKvuyXNAheW2WBrR6RyyksStT84UfZLh+EjhYbNzQUMMBmUni5xfcJJiDPLhV2fmZ+iCMaHv36IIPS4gkP3wQ==}
    engines: {node: '>=14.0.0'}
    cpu: [x64]
    os: [linux]

  '@oxc-transform/binding-linux-x64-musl@0.70.0':
    resolution: {integrity: sha512-KM68LeDbF7HM3SeRC8ljJ2fISEmTGyjw70VP4xnAJy9FotneYmDqD7UDbtdcl956m2zePFUNdmdlLEwmP211Ag==}
    engines: {node: '>=14.0.0'}
    cpu: [x64]
    os: [linux]

  '@oxc-transform/binding-wasm32-wasi@0.70.0':
    resolution: {integrity: sha512-jT8y6XnATCbArIZqVE8BgFSJLASSPXcsCPHo1dk5GDJHxls8SuWo0VecE4v4OAphOVPhX1Jdyj1lie6oK6xEnQ==}
    engines: {node: '>=14.0.0'}
    cpu: [wasm32]

  '@oxc-transform/binding-win32-arm64-msvc@0.70.0':
    resolution: {integrity: sha512-OFmHVkWeIG6PqouPzVULCuD8PfLA0ASHSfKvMM6/l3Soowz38nkfi8y2OpH8StDyXK3kgn+PkMpS03NAITeGlQ==}
    engines: {node: '>=14.0.0'}
    cpu: [arm64]
    os: [win32]

  '@oxc-transform/binding-win32-x64-msvc@0.70.0':
    resolution: {integrity: sha512-o59kbIXgY2HXUlHepZHD/Zz4k0it80yZHL+QIbsYs1/K/i6iydrhdUKIabRkFcPg9qvxXXJ/xxDAggC8KdBoPA==}
    engines: {node: '>=14.0.0'}
    cpu: [x64]
    os: [win32]

  '@tybys/wasm-util@0.9.0':
    resolution: {integrity: sha512-6+7nlbMVX/PVDCwaIQ8nTOPveOcFLSt8GcXdx8hD0bt39uWxYT88uXzqTd4fTvqta7oeUJqudepapKNt2DYJFw==}

  oxc-transform@0.70.0:
    resolution: {integrity: sha512-cPaTMNm7ciuDYhypBk7P8srrNU1aPT+yNYU3818odl8aygThFZZ2kXGpvkxtP1XXgVeMpe/nopVJnjQndkO2Uw==}
    engines: {node: '>=14.0.0'}

  tslib@2.8.1:
    resolution: {integrity: sha512-oJFu94HQb+KVduSUQL7wnpmqnfmLsOA/nAh6b6EH0wCEoK0/mPeXU6c3wKDV83MkOuHPRHtSXKKU99IBazS/2w==}

snapshots:

  '@emnapi/core@1.4.3':
    dependencies:
      '@emnapi/wasi-threads': 1.0.2
      tslib: 2.8.1
    optional: true

  '@emnapi/runtime@1.4.3':
    dependencies:
      tslib: 2.8.1
    optional: true

  '@emnapi/wasi-threads@1.0.2':
    dependencies:
      tslib: 2.8.1
    optional: true

  '@napi-rs/wasm-runtime@0.2.10':
    dependencies:
      '@emnapi/core': 1.4.3
      '@emnapi/runtime': 1.4.3
      '@tybys/wasm-util': 0.9.0
    optional: true

  '@oxc-transform/binding-darwin-arm64@0.70.0':
    optional: true

  '@oxc-transform/binding-darwin-x64@0.70.0':
    optional: true

  '@oxc-transform/binding-freebsd-x64@0.70.0':
    optional: true

  '@oxc-transform/binding-linux-arm-gnueabihf@0.70.0':
    optional: true

  '@oxc-transform/binding-linux-arm-musleabihf@0.70.0':
    optional: true

  '@oxc-transform/binding-linux-arm64-gnu@0.70.0':
    optional: true

  '@oxc-transform/binding-linux-arm64-musl@0.70.0':
    optional: true

  '@oxc-transform/binding-linux-riscv64-gnu@0.70.0':
    optional: true

  '@oxc-transform/binding-linux-s390x-gnu@0.70.0':
    optional: true

  '@oxc-transform/binding-linux-x64-gnu@0.70.0':
    optional: true

  '@oxc-transform/binding-linux-x64-musl@0.70.0':
    optional: true

  '@oxc-transform/binding-wasm32-wasi@0.70.0':
    dependencies:
      '@napi-rs/wasm-runtime': 0.2.10
    optional: true

  '@oxc-transform/binding-win32-arm64-msvc@0.70.0':
    optional: true

  '@oxc-transform/binding-win32-x64-msvc@0.70.0':
    optional: true

  '@tybys/wasm-util@0.9.0':
    dependencies:
      tslib: 2.8.1
    optional: true

  oxc-transform@0.70.0:
    optionalDependencies:
      '@oxc-transform/binding-darwin-arm64': 0.70.0
      '@oxc-transform/binding-darwin-x64': 0.70.0
      '@oxc-transform/binding-freebsd-x64': 0.70.0
      '@oxc-transform/binding-linux-arm-gnueabihf': 0.70.0
      '@oxc-transform/binding-linux-arm-musleabihf': 0.70.0
      '@oxc-transform/binding-linux-arm64-gnu': 0.70.0
      '@oxc-transform/binding-linux-arm64-musl': 0.70.0
      '@oxc-transform/binding-linux-riscv64-gnu': 0.70.0
      '@oxc-transform/binding-linux-s390x-gnu': 0.70.0
      '@oxc-transform/binding-linux-x64-gnu': 0.70.0
      '@oxc-transform/binding-linux-x64-musl': 0.70.0
      '@oxc-transform/binding-wasm32-wasi': 0.70.0
      '@oxc-transform/binding-win32-arm64-msvc': 0.70.0
      '@oxc-transform/binding-win32-x64-msvc': 0.70.0

  tslib@2.8.1:
    optional: true
